<?xml version="1.0" encoding="utf-8"?>
<Project ToolsVersion="4.0" xmlns="http://schemas.microsoft.com/developer/msbuild/2003">
  <ItemGroup>
    <Filter Include="Source Files">
      <UniqueIdentifier>{41763257-9cd8-4bc1-a4c4-00bdd85fdbdd}</UniqueIdentifier>
      <Extensions>cpp;c;cc;cxx;def;odl;idl;hpj;bat;asm;asmx</Extensions>
    </Filter>
    <Filter Include="Header Files">
      <UniqueIdentifier>{84fab1c7-56fb-4c3f-a463-e692d36f8e29}</UniqueIdentifier>
      <Extensions>h;hpp;hxx;hm;inl;inc;xsd</Extensions>
    </Filter>
    <Filter Include="Resource Files">
      <UniqueIdentifier>{ce932849-b43c-4559-9a49-4d9964ce183d}</UniqueIdentifier>
      <Extensions>rc;ico;cur;bmp;dlg;rc2;rct;bin;rgs;gif;jpg;jpeg;jpe;resx;tiff;tif;png;wav;mfcribbon-ms</Extensions>
    </Filter>
  </ItemGroup>
  <ItemGroup>
    <ClInclude Include="stdafx.h">
      <Filter>Header Files</Filter>
    </ClInclude>
    <ClInclude Include="Animation1D.h">
      <Filter>Header Files</Filter>
    </ClInclude>
    <ClInclude Include="Animation2D.h">
      <Filter>Header Files</Filter>
    </ClInclude>
    <ClInclude Include="AnimationBase.h">
      <Filter>Header Files</Filter>
    </ClInclude>
    <ClInclude Include="ChromaSDKPlugin.h">
      <Filter>Header Files</Filter>
    </ClInclude>
    <ClInclude Include="ChromaSDKPluginTypes.h">
      <Filter>Header Files</Filter>
    </ClInclude>
    <ClInclude Include="ChromaThread.h">
      <Filter>Header Files</Filter>
    </ClInclude>
    <ClInclude Include="RzChromaSDKDefines.h">
      <Filter>Header Files</Filter>
    </ClInclude>
    <ClInclude Include="RzChromaSDKTypes.h">
      <Filter>Header Files</Filter>
    </ClInclude>
    <ClInclude Include="RzErrors.h">
      <Filter>Header Files</Filter>
    </ClInclude>
  </ItemGroup>
  <ItemGroup>
    <ClCompile Include="stdafx.cpp">
      <Filter>Source Files</Filter>
    </ClCompile>
    <ClCompile Include="Animation1D.cpp">
      <Filter>Source Files</Filter>
    </ClCompile>
    <ClCompile Include="Animation2D.cpp">
      <Filter>Source Files</Filter>
    </ClCompile>
    <ClCompile Include="AnimationBase.cpp">
      <Filter>Source Files</Filter>
    </ClCompile>
    <ClCompile Include="ChromaSDKPlugin.cpp">
      <Filter>Source Files</Filter>
    </ClCompile>
    <ClCompile Include="ChromaSDKPluginTypes.cpp">
      <Filter>Source Files</Filter>
    </ClCompile>
    <ClCompile Include="ChromaThread.cpp">
      <Filter>Source Files</Filter>
    </ClCompile>
  </ItemGroup>
</Project>